
Microsoft Visual Studio Solution File, Format Version 12.00
# Visual Studio Version 17
VisualStudioVersion = 17.0.31903.59
MinimumVisualStudioVersion = 10.0.40219.1
Project("{9A19103F-16F7-4668-BE54-9A1E7A4F7556}") = "API", "API\API.csproj", "{9AF2DFE0-2D86-4D3B-9809-A108956E959C}"
EndProject
Project("{E24C65DC-7377-472B-9ABA-BC803B73C61A}") = "client", "client\", "{04E8061F-940E-4177-BF01-61DFB4E57BEB}"
	ProjectSection(WebsiteProperties) = preProject
		TargetFrameworkMoniker = ".NETFramework,Version%3Dv4.8"
		Debug.AspNetCompiler.VirtualPath = "/localhost_50264"
		Debug.AspNetCompiler.PhysicalPath = "client\"
		Debug.AspNetCompiler.TargetPath = "PrecompiledWeb\localhost_50264\"
		Debug.AspNetCompiler.Updateable = "true"
		Debug.AspNetCompiler.ForceOverwrite = "true"
		Debug.AspNetCompiler.FixedNames = "false"
		Debug.AspNetCompiler.Debug = "True"
		Release.AspNetCompiler.VirtualPath = "/localhost_50264"
		Release.AspNetCompiler.PhysicalPath = "client\"
		Release.AspNetCompiler.TargetPath = "PrecompiledWeb\localhost_50264\"
		Release.AspNetCompiler.Updateable = "true"
		Release.AspNetCompiler.ForceOverwrite = "true"
		Release.AspNetCompiler.FixedNames = "false"
		Release.AspNetCompiler.Debug = "False"
		VWDPort = "50264"
	EndProjectSection
EndProject
Global
	GlobalSection(SolutionConfigurationPlatforms) = preSolution
		Debug|Any CPU = Debug|Any CPU
		Release|Any CPU = Release|Any CPU
	EndGlobalSection
	GlobalSection(ProjectConfigurationPlatforms) = postSolution
		{9AF2DFE0-2D86-4D3B-9809-A108956E959C}.Debug|Any CPU.ActiveCfg = Debug|Any CPU
		{9AF2DFE0-2D86-4D3B-9809-A108956E959C}.Debug|Any CPU.Build.0 = Debug|Any CPU
		{9AF2DFE0-2D86-4D3B-9809-A108956E959C}.Release|Any CPU.ActiveCfg = Release|Any CPU
		{9AF2DFE0-2D86-4D3B-9809-A108956E959C}.Release|Any CPU.Build.0 = Release|Any CPU
		{04E8061F-940E-4177-BF01-61DFB4E57BEB}.Debug|Any CPU.ActiveCfg = Debug|Any CPU
		{04E8061F-940E-4177-BF01-61DFB4E57BEB}.Debug|Any CPU.Build.0 = Debug|Any CPU
		{04E8061F-940E-4177-BF01-61DFB4E57BEB}.Release|Any CPU.ActiveCfg = Debug|Any CPU
		{04E8061F-940E-4177-BF01-61DFB4E57BEB}.Release|Any CPU.Build.0 = Debug|Any CPU
	EndGlobalSection
	GlobalSection(SolutionProperties) = preSolution
		HideSolutionNode = FALSE
	EndGlobalSection
	GlobalSection(ExtensibilityGlobals) = postSolution
		SolutionGuid = {C5F561F5-6066-4555-BBB3-F8EA61F024D1}
	EndGlobalSection
EndGlobal
